Microsoft Visual Studio Solution File, Format Version 12.00
# Visual Studio Version 17
VisualStudioVersion = 17.5.2.0
MinimumVisualStudioVersion = 10.0.40219.1
Project("{FAE04EC0-301F-11D3-BF4B-00C04F79EFBC}") = "lilgobguides", "lilgobguides.csproj", "{DE70A14F-C0F8-E06B-6F6F-FF7E3C789E01}"
EndProject
Global
	GlobalSection(SolutionConfigurationPlatforms) = preSolution
		Debug|Any CPU = Debug|Any CPU
		Release|Any CPU = Release|Any CPU
	EndGlobalSection
	GlobalSection(ProjectConfigurationPlatforms) = postSolution
		{DE70A14F-C0F8-E06B-6F6F-FF7E3C789E01}.Debug|Any CPU.ActiveCfg = Debug|Any CPU
		{DE70A14F-C0F8-E06B-6F6F-FF7E3C789E01}.Debug|Any CPU.Build.0 = Debug|Any CPU
		{DE70A14F-C0F8-E06B-6F6F-FF7E3C789E01}.Release|Any CPU.ActiveCfg = Release|Any CPU
		{DE70A14F-C0F8-E06B-6F6F-FF7E3C789E01}.Release|Any CPU.Build.0 = Release|Any CPU
	EndGlobalSection
	GlobalSection(SolutionProperties) = preSolution
		HideSolutionNode = FALSE
	EndGlobalSection
	GlobalSection(ExtensibilityGlobals) = postSolution
		SolutionGuid = {FC07BC65-8D51-4A07-9AE2-D39A18645D25}
	EndGlobalSection
EndGlobal
